
Microsoft Visual Studio Solution File, Format Version 12.00
# Visual Studio Version 17
VisualStudioVersion = 17.14.36301.6 d17.14
MinimumVisualStudioVersion = 10.0.40219.1
Project("{FAE04EC0-301F-11D3-BF4B-00C04F79EFBC}") = "WatorWorld", "WatorWorld\WatorWorld.csproj", "{CF963118-3355-4527-94F0-CEB89D498126}"
EndProject
Global
	GlobalSection(SolutionConfigurationPlatforms) = preSolution
		Debug|Any CPU = Debug|Any CPU
		Release|Any CPU = Release|Any CPU
	EndGlobalSection
	GlobalSection(ProjectConfigurationPlatforms) = postSolution
		{CF963118-3355-4527-94F0-CEB89D498126}.Debug|Any CPU.ActiveCfg = Debug|Any CPU
		{CF963118-3355-4527-94F0-CEB89D498126}.Debug|Any CPU.Build.0 = Debug|Any CPU
		{CF963118-3355-4527-94F0-CEB89D498126}.Release|Any CPU.ActiveCfg = Release|Any CPU
		{CF963118-3355-4527-94F0-CEB89D498126}.Release|Any CPU.Build.0 = Release|Any CPU
	EndGlobalSection
	GlobalSection(SolutionProperties) = preSolution
		HideSolutionNode = FALSE
	EndGlobalSection
	GlobalSection(ExtensibilityGlobals) = postSolution
		SolutionGuid = {F5E60171-1AE4-456A-8E73-23BF09AE1B63}
	EndGlobalSection
EndGlobal
